
Microsoft Visual Studio Solution File, Format Version 12.00
# Visual Studio Version 17
VisualStudioVersion = 17.13.35919.96 d17.13
MinimumVisualStudioVersion = 10.0.40219.1
Project("{FAE04EC0-301F-11D3-BF4B-00C04F79EFBC}") = "Unit Converter Application", "Unit Converter Application.csproj", "{1689CE70-2861-4278-8558-A79D5C43B7A6}"
EndProject
Global
	GlobalSection(SolutionConfigurationPlatforms) = preSolution
		Debug|Any CPU = Debug|Any CPU
		Release|Any CPU = Release|Any CPU
	EndGlobalSection
	GlobalSection(ProjectConfigurationPlatforms) = postSolution
		{1689CE70-2861-4278-8558-A79D5C43B7A6}.Debug|Any CPU.ActiveCfg = Debug|Any CPU
		{1689CE70-2861-4278-8558-A79D5C43B7A6}.Debug|Any CPU.Build.0 = Debug|Any CPU
		{1689CE70-2861-4278-8558-A79D5C43B7A6}.Release|Any CPU.ActiveCfg = Release|Any CPU
		{1689CE70-2861-4278-8558-A79D5C43B7A6}.Release|Any CPU.Build.0 = Release|Any CPU
	EndGlobalSection
	GlobalSection(SolutionProperties) = preSolution
		HideSolutionNode = FALSE
	EndGlobalSection
	GlobalSection(ExtensibilityGlobals) = postSolution
		SolutionGuid = {FCC53153-9D69-47E1-B51F-A9B39C6E86A6}
	EndGlobalSection
EndGlobal
